{
  "requires": true,
  "lockfileVersion": 1,
  "dependencies": {
    "sweetalert2": {
      "version": "8.11.7",
      "resolved": "https://registry.npmjs.org/sweetalert2/-/sweetalert2-8.11.7.tgz",
      "integrity": "sha512-WC5x+L9ejKpWERNc3aAyxeUs+nchGNEBZeB7CPP/bRVOUVEBZsKw2Ibt1qdV4Ap90JOTK/4/xrCnZ/XyUNzqBw=="
    }
  }
}
